
Microsoft Visual Studio Solution File, Format Version 12.00
# Visual Studio Version 16
VisualStudioVersion = 16.0.34601.136
MinimumVisualStudioVersion = 10.0.40219.1
Project("{FAE04EC0-301F-11D3-BF4B-00C04F79EFBC}") = "Create", "Create\Create.csproj", "{77FE11AA-BC2C-4314-B03E-31FCBEAECDC1}"
EndProject
Global
	GlobalSection(SolutionConfigurationPlatforms) = preSolution
		Debug|Any CPU = Debug|Any CPU
		Release|Any CPU = Release|Any CPU
	EndGlobalSection
	GlobalSection(ProjectConfigurationPlatforms) = postSolution
		{77FE11AA-BC2C-4314-B03E-31FCBEAECDC1}.Debug|Any CPU.ActiveCfg = Debug|Any CPU
		{77FE11AA-BC2C-4314-B03E-31FCBEAECDC1}.Debug|Any CPU.Build.0 = Debug|Any CPU
		{77FE11AA-BC2C-4314-B03E-31FCBEAECDC1}.Release|Any CPU.ActiveCfg = Release|Any CPU
		{77FE11AA-BC2C-4314-B03E-31FCBEAECDC1}.Release|Any CPU.Build.0 = Release|Any CPU
	EndGlobalSection
	GlobalSection(SolutionProperties) = preSolution
		HideSolutionNode = FALSE
	EndGlobalSection
	GlobalSection(ExtensibilityGlobals) = postSolution
		SolutionGuid = {7DD5A362-FD36-49A1-90D4-BE910F8C69BB}
	EndGlobalSection
EndGlobal
